{
  "name": "obj-table-plus",
  "version": "1.0.6",
  "lockfileVersion": 1,
  "requires": true,
  "dependencies": {
    "@babel/helper-module-imports": {
      "version": "7.16.7",
      "resolved": "https://registry.npmjs.org/@babel/helper-module-imports/-/helper-module-imports-7.16.7.tgz",
      "integrity": "sha512-LVtS6TqjJHFc+nYeITRo6VLXve70xmq7wPhWTqDJusJEgGmkAACWwMiTNrvfoQo6hEhFwAIixNkvB0jPXDL8Wg==",
      "requires": {
        "@babel/types": "^7.16.7"
      }
    },
    "@babel/helper-plugin-utils": {
      "version": "7.17.12",
      "resolved": "https://registry.npmjs.org/@babel/helper-plugin-utils/-/helper-plugin-utils-7.17.12.tgz",
      "integrity": "sha512-JDkf04mqtN3y4iAbO1hv9U2ARpPyPL1zqyWs/2WG1pgSq9llHFjStX5jdxb84himgJm+8Ng+x0oiWF/nw/XQKA=="
    },
    "@babel/helper-validator-identifier": {
      "version": "7.16.7",
      "resolved": "https://registry.npmjs.org/@babel/helper-validator-identifier/-/helper-validator-identifier-7.16.7.tgz",
      "integrity": "sha512-hsEnFemeiW4D08A5gUAZxLBTXpZ39P+a+DGDsHw1yxqyQ/jzFEnxf5uTEGp+3bzAbNOxU1paTgYS4ECU/IgfDw=="
    },
    "@babel/plugin-syntax-jsx": {
      "version": "7.17.12",
      "resolved": "https://registry.npmjs.org/@babel/plugin-syntax-jsx/-/plugin-syntax-jsx-7.17.12.tgz",
      "integrity": "sha512-spyY3E3AURfxh/RHtjx5j6hs8am5NbUBGfcZ2vB3uShSpZdQyXSf5rR5Mk76vbtlAZOelyVQ71Fg0x9SG4fsog==",
      "requires": {
        "@babel/helper-plugin-utils": "^7.17.12"
      }
    },
    "@babel/types": {
      "version": "7.17.12",
      "resolved": "https://registry.npmjs.org/@babel/types/-/types-7.17.12.tgz",
      "integrity": "sha512-rH8i29wcZ6x9xjzI5ILHL/yZkbQnCERdHlogKuIb4PUr7do4iT8DPekrTbBLWTnRQm6U0GYABbTMSzijmEqlAg==",
      "requires": {
        "@babel/helper-validator-identifier": "^7.16.7",
        "to-fast-properties": "^2.0.0"
      }
    },
    "@vue/babel-helper-vue-jsx-merge-props": {
      "version": "1.2.1",
      "resolved": "https://registry.npmjs.org/@vue/babel-helper-vue-jsx-merge-props/-/babel-helper-vue-jsx-merge-props-1.2.1.tgz",
      "integrity": "sha512-QOi5OW45e2R20VygMSNhyQHvpdUwQZqGPc748JLGCYEy+yp8fNFNdbNIGAgZmi9e+2JHPd6i6idRuqivyicIkA=="
    },
    "@vue/babel-plugin-transform-vue-jsx": {
      "version": "1.2.1",
      "resolved": "https://registry.npmjs.org/@vue/babel-plugin-transform-vue-jsx/-/babel-plugin-transform-vue-jsx-1.2.1.tgz",
      "integrity": "sha512-HJuqwACYehQwh1fNT8f4kyzqlNMpBuUK4rSiSES5D4QsYncv5fxFsLyrxFPG2ksO7t5WP+Vgix6tt6yKClwPzA==",
      "requires": {
        "@babel/helper-module-imports": "^7.0.0",
        "@babel/plugin-syntax-jsx": "^7.2.0",
        "@vue/babel-helper-vue-jsx-merge-props": "^1.2.1",
        "html-tags": "^2.0.0",
        "lodash.kebabcase": "^4.1.1",
        "svg-tags": "^1.0.0"
      }
    },
    "@vue/babel-preset-jsx": {
      "version": "1.2.4",
      "resolved": "https://registry.npmjs.org/@vue/babel-preset-jsx/-/babel-preset-jsx-1.2.4.tgz",
      "integrity": "sha512-oRVnmN2a77bYDJzeGSt92AuHXbkIxbf/XXSE3klINnh9AXBmVS1DGa1f0d+dDYpLfsAKElMnqKTQfKn7obcL4w==",
      "requires": {
        "@vue/babel-helper-vue-jsx-merge-props": "^1.2.1",
        "@vue/babel-plugin-transform-vue-jsx": "^1.2.1",
        "@vue/babel-sugar-composition-api-inject-h": "^1.2.1",
        "@vue/babel-sugar-composition-api-render-instance": "^1.2.4",
        "@vue/babel-sugar-functional-vue": "^1.2.2",
        "@vue/babel-sugar-inject-h": "^1.2.2",
        "@vue/babel-sugar-v-model": "^1.2.3",
        "@vue/babel-sugar-v-on": "^1.2.3"
      }
    },
    "@vue/babel-sugar-composition-api-inject-h": {
      "version": "1.2.1",
      "resolved": "https://registry.npmjs.org/@vue/babel-sugar-composition-api-inject-h/-/babel-sugar-composition-api-inject-h-1.2.1.tgz",
      "integrity": "sha512-4B3L5Z2G+7s+9Bwbf+zPIifkFNcKth7fQwekVbnOA3cr3Pq71q71goWr97sk4/yyzH8phfe5ODVzEjX7HU7ItQ==",
      "requires": {
        "@babel/plugin-syntax-jsx": "^7.2.0"
      }
    },
    "@vue/babel-sugar-composition-api-render-instance": {
      "version": "1.2.4",
      "resolved": "https://registry.npmjs.org/@vue/babel-sugar-composition-api-render-instance/-/babel-sugar-composition-api-render-instance-1.2.4.tgz",
      "integrity": "sha512-joha4PZznQMsxQYXtR3MnTgCASC9u3zt9KfBxIeuI5g2gscpTsSKRDzWQt4aqNIpx6cv8On7/m6zmmovlNsG7Q==",
      "requires": {
        "@babel/plugin-syntax-jsx": "^7.2.0"
      }
    },
    "@vue/babel-sugar-functional-vue": {
      "version": "1.2.2",
      "resolved": "https://registry.npmjs.org/@vue/babel-sugar-functional-vue/-/babel-sugar-functional-vue-1.2.2.tgz",
      "integrity": "sha512-JvbgGn1bjCLByIAU1VOoepHQ1vFsroSA/QkzdiSs657V79q6OwEWLCQtQnEXD/rLTA8rRit4rMOhFpbjRFm82w==",
      "requires": {
        "@babel/plugin-syntax-jsx": "^7.2.0"
      }
    },
    "@vue/babel-sugar-inject-h": {
      "version": "1.2.2",
      "resolved": "https://registry.npmjs.org/@vue/babel-sugar-inject-h/-/babel-sugar-inject-h-1.2.2.tgz",
      "integrity": "sha512-y8vTo00oRkzQTgufeotjCLPAvlhnpSkcHFEp60+LJUwygGcd5Chrpn5480AQp/thrxVm8m2ifAk0LyFel9oCnw==",
      "requires": {
        "@babel/plugin-syntax-jsx": "^7.2.0"
      }
    },
    "@vue/babel-sugar-v-model": {
      "version": "1.2.3",
      "resolved": "https://registry.npmjs.org/@vue/babel-sugar-v-model/-/babel-sugar-v-model-1.2.3.tgz",
      "integrity": "sha512-A2jxx87mySr/ulAsSSyYE8un6SIH0NWHiLaCWpodPCVOlQVODCaSpiR4+IMsmBr73haG+oeCuSvMOM+ttWUqRQ==",
      "requires": {
        "@babel/plugin-syntax-jsx": "^7.2.0",
        "@vue/babel-helper-vue-jsx-merge-props": "^1.2.1",
        "@vue/babel-plugin-transform-vue-jsx": "^1.2.1",
        "camelcase": "^5.0.0",
        "html-tags": "^2.0.0",
        "svg-tags": "^1.0.0"
      }
    },
    "@vue/babel-sugar-v-on": {
      "version": "1.2.3",
      "resolved": "https://registry.npmjs.org/@vue/babel-sugar-v-on/-/babel-sugar-v-on-1.2.3.tgz",
      "integrity": "sha512-kt12VJdz/37D3N3eglBywV8GStKNUhNrsxChXIV+o0MwVXORYuhDTHJRKPgLJRb/EY3vM2aRFQdxJBp9CLikjw==",
      "requires": {
        "@babel/plugin-syntax-jsx": "^7.2.0",
        "@vue/babel-plugin-transform-vue-jsx": "^1.2.1",
        "camelcase": "^5.0.0"
      }
    },
    "camelcase": {
      "version": "5.3.1",
      "resolved": "https://registry.npmjs.org/camelcase/-/camelcase-5.3.1.tgz",
      "integrity": "sha512-L28STB170nwWS63UjtlEOE3dldQApaJXZkOI1uMFfzf3rRuPegHaHesyee+YxQ+W6SvRDQV6UrdOdRiR153wJg=="
    },
    "html-tags": {
      "version": "2.0.0",
      "resolved": "https://registry.npmjs.org/html-tags/-/html-tags-2.0.0.tgz",
      "integrity": "sha1-ELMKOGCF9Dzt41PMj6fLDe7qZos="
    },
    "lodash.kebabcase": {
      "version": "4.1.1",
      "resolved": "https://registry.npmjs.org/lodash.kebabcase/-/lodash.kebabcase-4.1.1.tgz",
      "integrity": "sha1-hImxyw0p/4gZXM7KRI/21swpXDY="
    },
    "svg-tags": {
      "version": "1.0.0",
      "resolved": "https://registry.npmjs.org/svg-tags/-/svg-tags-1.0.0.tgz",
      "integrity": "sha1-WPcc7jvVGbWdSyqEO2x95krAR2Q="
    },
    "to-fast-properties": {
      "version": "2.0.0",
      "resolved": "https://registry.npmjs.org/to-fast-properties/-/to-fast-properties-2.0.0.tgz",
      "integrity": "sha1-3F5pjL0HkmW8c+A3doGk5Og/YW4="
    }
  }
}
